PODS:
  - Flutter (1.0.0)
  - stop_watch_timer (0.0.1):
    - Flutter

DEPENDENCIES:
  - Flutter (from `Flutter`)
  - stop_watch_timer (from `.symlinks/plugins/stop_watch_timer/ios`)

EXTERNAL SOURCES:
  Flutter:
    :path: Flutter
  stop_watch_timer:
    :path: ".symlinks/plugins/stop_watch_timer/ios"

SPEC CHECKSUMS:
  Flutter: 0e3d915762c693b495b44d77113d4970485de6ec
  stop_watch_timer: e88a936c27ce0792104127124f931365160d2f1e

PODFILE CHECKSUM: 1b66dae606f75376c5f2135a8290850eeb09ae83

COCOAPODS: 1.9.1
